{
    "_readme": [
        "This file locks the dependencies of your project to a known state",
        "Read more about it at http://getcomposer.org/doc/01-basic-usage.md#composer-lock-the-lock-file"
    ],
    "hash": "e39cb7e42d345d8acfaf319671d870f9",
    "packages": [
        {
            "name": "phpexcel/phpexcel",
            "version": "dev-master",
            "source": {
                "type": "git",
                "url": "https://github.com/ddeboer/phpexcel.git",
                "reference": "8a3f7a02cfbb0c34b06d66b614762ebe52423dc9"
            },
            "dist": {
                "type": "zip",
                "url": "https://api.github.com/repos/ddeboer/phpexcel/zipball/8a3f7a02cfbb0c34b06d66b614762ebe52423dc9",
                "reference": "8a3f7a02cfbb0c34b06d66b614762ebe52423dc9",
                "shasum": ""
            },
            "require": {
                "php": ">5.2.0"
            },
            "type": "library",
            "autoload": {
                "psr-0": {
                    "PHPExcel": "Classes"
                }
            },
            "notification-url": "https://packagist.org/downloads/",
            "license": [
                "GNU"
            ],
            "description": "PHPExcel - OpenXML - Create Excel2007 documents in PHP - Spreadsheet engine",
            "homepage": "http://phpexcel.codeplex.com",
            "keywords": [
                "excel",
                "xls"
            ],
            "time": "2013-09-10 18:57:03"
        }
    ],
    "packages-dev": [

    ],
    "aliases": [

    ],
    "minimum-stability": "stable",
    "stability-flags": {
        "phpexcel/phpexcel": 20
    },
    "platform": [

    ],
    "platform-dev": [

    ]
}
